// !$*UTF8*$!
{
	archiveVersion = 1;
	classes = {
	};
	objectVersion = 55;
	objects = {

/* Begin PBXBuildFile section */
		A794FF9127457765003E8043 /* PrimitiveButtonStyling.swift in Sources */ = {isa = PBXBuildFile; fileRef = A794FF9027457765003E8043 /* PrimitiveButtonStyling.swift */; };
		A794FF9527458194003E8043 /* ButtonStylePrococole.swift in Sources */ = {isa = PBXBuildFile; fileRef = A794FF9427458194003E8043 /* ButtonStylePrococole.swift */; };
		A7CE2BB227386D3C001B5491 /* SwiftUIButtonStylingApp.swift in Sources */ = {isa = PBXBuildFile; fileRef = A7CE2BB127386D3C001B5491 /* SwiftUIButtonStylingApp.swift */; };
		A7CE2BB627386D41001B5491 /* Assets.xcassets in Resources */ = {isa = PBXBuildFile; fileRef = A7CE2BB527386D41001B5491 /* Assets.xcassets */; };
		A7CE2BB927386D41001B5491 /* Preview Assets.xcassets in Resources */ = {isa = PBXBuildFile; fileRef = A7CE2BB827386D41001B5491 /* Preview Assets.xcassets */; };
		A7CE2BC127386D6E001B5491 /* MinimalistButton.swift in Sources */ = {isa = PBXBuildFile; fileRef = A7CE2BC027386D6E001B5491 /* MinimalistButton.swift */; };
		A7CE2BC8273920F3001B5491 /* IconTextStyle.swift in Sources */ = {isa = PBXBuildFile; fileRef = A7CE2BC7273920F3001B5491 /* IconTextStyle.swift */; };
		A7CE2BCB27392338001B5491 /* ClipShapeButtons.swift in Sources */ = {isa = PBXBuildFile; fileRef = A7CE2BCA27392338001B5491 /* ClipShapeButtons.swift */; };
/* End PBXBuildFile section */

/* Begin PBXFileReference section */
		A794FF9027457765003E8043 /* PrimitiveButtonStyling.swift */ = {isa = PBXFileReference; lastKnownFileType = sourcecode.swift; path = PrimitiveButtonStyling.swift; sourceTree = "<group>"; };
		A794FF9427458194003E8043 /* ButtonStylePrococole.swift */ = {isa = PBXFileReference; lastKnownFileType = sourcecode.swift; path = ButtonStylePrococole.swift; sourceTree = "<group>"; };
		A7CE2BAE27386D3C001B5491 /* SwiftUIButtonStyling.app */ = {isa = PBXFileReference; explicitFileType = wrapper.application; includeInIndex = 0; path = SwiftUIButtonStyling.app; sourceTree = BUILT_PRODUCTS_DIR; };
		A7CE2BB127386D3C001B5491 /* SwiftUIButtonStylingApp.swift */ = {isa = PBXFileReference; lastKnownFileType = sourcecode.swift; path = SwiftUIButtonStylingApp.swift; sourceTree = "<group>"; };
		A7CE2BB527386D41001B5491 /* Assets.xcassets */ = {isa = PBXFileReference; lastKnownFileType = folder.assetcatalog; path = Assets.xcassets; sourceTree = "<group>"; };
		A7CE2BB827386D41001B5491 /* Preview Assets.xcassets */ = {isa = PBXFileReference; lastKnownFileType = folder.assetcatalog; path = "Preview Assets.xcassets"; sourceTree = "<group>"; };
		A7CE2BC027386D6E001B5491 /* MinimalistButton.swift */ = {isa = PBXFileReference; lastKnownFileType = sourcecode.swift; path = MinimalistButton.swift; sourceTree = "<group>"; };
		A7CE2BC7273920F3001B5491 /* IconTextStyle.swift */ = {isa = PBXFileReference; fileEncoding = 4; lastKnownFileType = sourcecode.swift; path = IconTextStyle.swift; sourceTree = "<group>"; };
		A7CE2BCA27392338001B5491 /* ClipShapeButtons.swift */ = {isa = PBXFileReference; lastKnownFileType = sourcecode.swift; path = ClipShapeButtons.swift; sourceTree = "<group>"; };
/* End PBXFileReference section */

/* Begin PBXFrameworksBuildPhase section */
		A7CE2BAB27386D3C001B5491 /* Frameworks */ = {
			isa = PBXFrameworksBuildPhase;
			buildActionMask = 2147483647;
			files = (
			);
			runOnlyForDeploymentPostprocessing = 0;
		};
/* End PBXFrameworksBuildPhase section */

/* Begin PBXGroup section */
		A794FF8A2745747B003E8043 /* ButtonStyleProtocole */ = {
			isa = PBXGroup;
			children = (
				A794FF9427458194003E8043 /* ButtonStylePrococole.swift */,
			);
			path = ButtonStyleProtocole;
			sourceTree = "<group>";
		};
		A794FF9327457B59003E8043 /* PrimitiveButtonStyling */ = {
			isa = PBXGroup;
			children = (
				A794FF9027457765003E8043 /* PrimitiveButtonStyling.swift */,
			);
			path = PrimitiveButtonStyling;
			sourceTree = "<group>";
		};
		A7CE2BA527386D3C001B5491 = {
			isa = PBXGroup;
			children = (
				A7CE2BB027386D3C001B5491 /* SwiftUIButtonStyling */,
				A7CE2BAF27386D3C001B5491 /* Products */,
			);
			sourceTree = "<group>";
		};
		A7CE2BAF27386D3C001B5491 /* Products */ = {
			isa = PBXGroup;
			children = (
				A7CE2BAE27386D3C001B5491 /* SwiftUIButtonStyling.app */,
			);
			name = Products;
			sourceTree = "<group>";
		};
		A7CE2BB027386D3C001B5491 /* SwiftUIButtonStyling */ = {
			isa = PBXGroup;
			children = (
				A794FF9327457B59003E8043 /* PrimitiveButtonStyling */,
				A794FF8A2745747B003E8043 /* ButtonStyleProtocole */,
				A7CE2BC9273921B1001B5491 /* ClipShapeButtons */,
				A7CE2BC6273920C3001B5491 /* IconTextButton */,
				A7CE2BBF27386D58001B5491 /* MinimalistButton */,
				A7CE2BB127386D3C001B5491 /* SwiftUIButtonStylingApp.swift */,
				A7CE2BB527386D41001B5491 /* Assets.xcassets */,
				A7CE2BB727386D41001B5491 /* Preview Content */,
			);
			path = SwiftUIButtonStyling;
			sourceTree = "<group>";
		};
		A7CE2BB727386D41001B5491 /* Preview Content */ = {
			isa = PBXGroup;
			children = (
				A7CE2BB827386D41001B5491 /* Preview Assets.xcassets */,
			);
			path = "Preview Content";
			sourceTree = "<group>";
		};
		A7CE2BBF27386D58001B5491 /* MinimalistButton */ = {
			isa = PBXGroup;
			children = (
				A7CE2BC027386D6E001B5491 /* MinimalistButton.swift */,
			);
			path = MinimalistButton;
			sourceTree = "<group>";
		};
		A7CE2BC6273920C3001B5491 /* IconTextButton */ = {
			isa = PBXGroup;
			children = (
				A7CE2BC7273920F3001B5491 /* IconTextStyle.swift */,
			);
			path = IconTextButton;
			sourceTree = "<group>";
		};
		A7CE2BC9273921B1001B5491 /* ClipShapeButtons */ = {
			isa = PBXGroup;
			children = (
				A7CE2BCA27392338001B5491 /* ClipShapeButtons.swift */,
			);
			path = ClipShapeButtons;
			sourceTree = "<group>";
		};
/* End PBXGroup section */

/* Begin PBXNativeTarget section */
		A7CE2BAD27386D3C001B5491 /* SwiftUIButtonStyling */ = {
			isa = PBXNativeTarget;
			buildConfigurationList = A7CE2BBC27386D41001B5491 /* Build configuration list for PBXNativeTarget "SwiftUIButtonStyling" */;
			buildPhases = (
				A7CE2BAA27386D3C001B5491 /* Sources */,
				A7CE2BAB27386D3C001B5491 /* Frameworks */,
				A7CE2BAC27386D3C001B5491 /* Resources */,
			);
			buildRules = (
			);
			dependencies = (
			);
			name = SwiftUIButtonStyling;
			productName = SwiftUIButtonStyling;
			productReference = A7CE2BAE27386D3C001B5491 /* SwiftUIButtonStyling.app */;
			productType = "com.apple.product-type.application";
		};
/* End PBXNativeTarget section */

/* Begin PBXProject section */
		A7CE2BA627386D3C001B5491 /* Project object */ = {
			isa = PBXProject;
			attributes = {
				BuildIndependentTargetsInParallel = 1;
				LastSwiftUpdateCheck = 1300;
				LastUpgradeCheck = 1300;
				TargetAttributes = {
					A7CE2BAD27386D3C001B5491 = {
						CreatedOnToolsVersion = 13.0;
					};
				};
			};
			buildConfigurationList = A7CE2BA927386D3C001B5491 /* Build configuration list for PBXProject "SwiftUIButtonStyling" */;
			compatibilityVersion = "Xcode 13.0";
			developmentRegion = en;
			hasScannedForEncodings = 0;
			knownRegions = (
				en,
				Base,
			);
			mainGroup = A7CE2BA527386D3C001B5491;
			productRefGroup = A7CE2BAF27386D3C001B5491 /* Products */;
			projectDirPath = "";
			projectRoot = "";
			targets = (
				A7CE2BAD27386D3C001B5491 /* SwiftUIButtonStyling */,
			);
		};
/* End PBXProject section */

/* Begin PBXResourcesBuildPhase section */
		A7CE2BAC27386D3C001B5491 /* Resources */ = {
			isa = PBXResourcesBuildPhase;
			buildActionMask = 2147483647;
			files = (
				A7CE2BB927386D41001B5491 /* Preview Assets.xcassets in Resources */,
				A7CE2BB627386D41001B5491 /* Assets.xcassets in Resources */,
			);
			runOnlyForDeploymentPostprocessing = 0;
		};
/* End PBXResourcesBuildPhase section */

/* Begin PBXSourcesBuildPhase section */
		A7CE2BAA27386D3C001B5491 /* Sources */ = {
			isa = PBXSourcesBuildPhase;
			buildActionMask = 2147483647;
			files = (
				A7CE2BC127386D6E001B5491 /* MinimalistButton.swift in Sources */,
				A7CE2BCB27392338001B5491 /* ClipShapeButtons.swift in Sources */,
				A7CE2BB227386D3C001B5491 /* SwiftUIButtonStylingApp.swift in Sources */,
				A794FF9127457765003E8043 /* PrimitiveButtonStyling.swift in Sources */,
				A794FF9527458194003E8043 /* ButtonStylePrococole.swift in Sources */,
				A7CE2BC8273920F3001B5491 /* IconTextStyle.swift in Sources */,
			);
			runOnlyForDeploymentPostprocessing = 0;
		};
/* End PBXSourcesBuildPhase section */

/* Begin XCBuildConfiguration section */
		A7CE2BBA27386D41001B5491 /* Debug */ = {
			isa = XCBuildConfiguration;
			buildSettings = {
				ALWAYS_SEARCH_USER_PATHS = NO;
				CLANG_ANALYZER_NONNULL = YES;
				CLANG_ANALYZER_NUMBER_OBJECT_CONVERSION = YES_AGGRESSIVE;
				CLANG_CXX_LANGUAGE_STANDARD = "gnu++17";
				CLANG_CXX_LIBRARY = "libc++";
				CLANG_ENABLE_MODULES = YES;
				CLANG_ENABLE_OBJC_ARC = YES;
				CLANG_ENABLE_OBJC_WEAK = YES;
				CLANG_WARN_BLOCK_CAPTURE_AUTORELEASING = YES;
				CLANG_WARN_BOOL_CONVERSION = YES;
				CLANG_WARN_COMMA = YES;
				CLANG_WARN_CONSTANT_CONVERSION = YES;
				CLANG_WARN_DEPRECATED_OBJC_IMPLEMENTATIONS = YES;
				CLANG_WARN_DIRECT_OBJC_ISA_USAGE = YES_ERROR;
				CLANG_WARN_DOCUMENTATION_COMMENTS = YES;
				CLANG_WARN_EMPTY_BODY = YES;
				CLANG_WARN_ENUM_CONVERSION = YES;
				CLANG_WARN_INFINITE_RECURSION = YES;
				CLANG_WARN_INT_CONVERSION = YES;
				CLANG_WARN_NON_LITERAL_NULL_CONVERSION = YES;
				CLANG_WARN_OBJC_IMPLICIT_RETAIN_SELF = YES;
				CLANG_WARN_OBJC_LITERAL_CONVERSION = YES;
				CLANG_WARN_OBJC_ROOT_CLASS = YES_ERROR;
				CLANG_WARN_QUOTED_INCLUDE_IN_FRAMEWORK_HEADER = YES;
				CLANG_WARN_RANGE_LOOP_ANALYSIS = YES;
				CLANG_WARN_STRICT_PROTOTYPES = YES;
				CLANG_WARN_SUSPICIOUS_MOVE = YES;
				CLANG_WARN_UNGUARDED_AVAILABILITY = YES_AGGRESSIVE;
				CLANG_WARN_UNREACHABLE_CODE = YES;
				CLANG_WARN__DUPLICATE_METHOD_MATCH = YES;
				COPY_PHASE_STRIP = NO;
				DEBUG_INFORMATION_FORMAT = dwarf;
				ENABLE_STRICT_OBJC_MSGSEND = YES;
				ENABLE_TESTABILITY = YES;
				GCC_C_LANGUAGE_STANDARD = gnu11;
				GCC_DYNAMIC_NO_PIC = NO;
				GCC_NO_COMMON_BLOCKS = YES;
				GCC_OPTIMIZATION_LEVEL = 0;
				GCC_PREPROCESSOR_DEFINITIONS = (
					"DEBUG=1",
					"$(inherited)",
				);
				GCC_WARN_64_TO_32_BIT_CONVERSION = YES;
				GCC_WARN_ABOUT_RETURN_TYPE = YES_ERROR;
				GCC_WARN_UNDECLARED_SELECTOR = YES;
				GCC_WARN_UNINITIALIZED_AUTOS = YES_AGGRESSIVE;
				GCC_WARN_UNUSED_FUNCTION = YES;
				GCC_WARN_UNUSED_VARIABLE = YES;
				IPHONEOS_DEPLOYMENT_TARGET = 15.0;
				MTL_ENABLE_DEBUG_INFO = INCLUDE_SOURCE;
				MTL_FAST_MATH = YES;
				ONLY_ACTIVE_ARCH = YES;
				SDKROOT = iphoneos;
				SWIFT_ACTIVE_COMPILATION_CONDITIONS = DEBUG;
				SWIFT_OPTIMIZATION_LEVEL = "-Onone";
			};
			name = Debug;
		};
		A7CE2BBB27386D41001B5491 /* Release */ = {
			isa = XCBuildConfiguration;
			buildSettings = {
				ALWAYS_SEARCH_USER_PATHS = NO;
				CLANG_ANALYZER_NONNULL = YES;
				CLANG_ANALYZER_NUMBER_OBJECT_CONVERSION = YES_AGGRESSIVE;
				CLANG_CXX_LANGUAGE_STANDARD = "gnu++17";
				CLANG_CXX_LIBRARY = "libc++";
				CLANG_ENABLE_MODULES = YES;
				CLANG_ENABLE_OBJC_ARC = YES;
				CLANG_ENABLE_OBJC_WEAK = YES;
				CLANG_WARN_BLOCK_CAPTURE_AUTORELEASING = YES;
				CLANG_WARN_BOOL_CONVERSION = YES;
				CLANG_WARN_COMMA = YES;
				CLANG_WARN_CONSTANT_CONVERSION = YES;
				CLANG_WARN_DEPRECATED_OBJC_IMPLEMENTATIONS = YES;
				CLANG_WARN_DIRECT_OBJC_ISA_USAGE = YES_ERROR;
				CLANG_WARN_DOCUMENTATION_COMMENTS = YES;
				CLANG_WARN_EMPTY_BODY = YES;
				CLANG_WARN_ENUM_CONVERSION = YES;
				CLANG_WARN_INFINITE_RECURSION = YES;
				CLANG_WARN_INT_CONVERSION = YES;
				CLANG_WARN_NON_LITERAL_NULL_CONVERSION = YES;
				CLANG_WARN_OBJC_IMPLICIT_RETAIN_SELF = YES;
				CLANG_WARN_OBJC_LITERAL_CONVERSION = YES;
				CLANG_WARN_OBJC_ROOT_CLASS = YES_ERROR;
				CLANG_WARN_QUOTED_INCLUDE_IN_FRAMEWORK_HEADER = YES;
				CLANG_WARN_RANGE_LOOP_ANALYSIS = YES;
				CLANG_WARN_STRICT_PROTOTYPES = YES;
				CLANG_WARN_SUSPICIOUS_MOVE = YES;
				CLANG_WARN_UNGUARDED_AVAILABILITY = YES_AGGRESSIVE;
				CLANG_WARN_UNREACHABLE_CODE = YES;
				CLANG_WARN__DUPLICATE_METHOD_MATCH = YES;
				COPY_PHASE_STRIP = NO;
				DEBUG_INFORMATION_FORMAT = "dwarf-with-dsym";
				ENABLE_NS_ASSERTIONS = NO;
				ENABLE_STRICT_OBJC_MSGSEND = YES;
				GCC_C_LANGUAGE_STANDARD = gnu11;
				GCC_NO_COMMON_BLOCKS = YES;
				GCC_WARN_64_TO_32_BIT_CONVERSION = YES;
				GCC_WARN_ABOUT_RETURN_TYPE = YES_ERROR;
				GCC_WARN_UNDECLARED_SELECTOR = YES;
				GCC_WARN_UNINITIALIZED_AUTOS = YES_AGGRESSIVE;
				GCC_WARN_UNUSED_FUNCTION = YES;
				GCC_WARN_UNUSED_VARIABLE = YES;
				IPHONEOS_DEPLOYMENT_TARGET = 15.0;
				MTL_ENABLE_DEBUG_INFO = NO;
				MTL_FAST_MATH = YES;
				SDKROOT = iphoneos;
				SWIFT_COMPILATION_MODE = wholemodule;
				SWIFT_OPTIMIZATION_LEVEL = "-O";
				VALIDATE_PRODUCT = YES;
			};
			name = Release;
		};
		A7CE2BBD27386D41001B5491 /* Debug */ = {
			isa = XCBuildConfiguration;
			buildSettings = {
				ASSETCATALOG_COMPILER_APPICON_NAME = AppIcon;
				ASSETCATALOG_COMPILER_GLOBAL_ACCENT_COLOR_NAME = AccentColor;
				CODE_SIGN_STYLE = Automatic;
				CURRENT_PROJECT_VERSION = 1;
				DEVELOPMENT_ASSET_PATHS = "\"SwiftUIButtonStyling/Preview Content\"";
				ENABLE_PREVIEWS = YES;
				GENERATE_INFOPLIST_FILE = YES;
				INFOPLIST_KEY_UIApplicationSceneManifest_Generation = YES;
				INFOPLIST_KEY_UIApplicationSupportsIndirectInputEvents = YES;
				INFOPLIST_KEY_UILaunchScreen_Generation = YES;
				INFOPLIST_KEY_UISupportedInterfaceOrientations_iPad = "UIInterfaceOrientationPortrait UIInterfaceOrientationPortraitUpsideDown UIInterfaceOrientationLandscapeLeft UIInterfaceOrientationLandscapeRight";
				INFOPLIST_KEY_UISupportedInterfaceOrientations_iPhone = "UIInterfaceOrientationPortrait UIInterfaceOrientationLandscapeLeft UIInterfaceOrientationLandscapeRight";
				IPHONEOS_DEPLOYMENT_TARGET = 14.0;
				LD_RUNPATH_SEARCH_PATHS = (
					"$(inherited)",
					"@executable_path/Frameworks",
				);
				MARKETING_VERSION = 1.0;
				PRODUCT_BUNDLE_IDENTIFIER = silvia.SwiftUIButtonStyling;
				PRODUCT_NAME = "$(TARGET_NAME)";
				SWIFT_EMIT_LOC_STRINGS = YES;
				SWIFT_VERSION = 5.0;
				TARGETED_DEVICE_FAMILY = "1,2";
			};
			name = Debug;
		};
		A7CE2BBE27386D41001B5491 /* Release */ = {
			isa = XCBuildConfiguration;
			buildSettings = {
				ASSETCATALOG_COMPILER_APPICON_NAME = AppIcon;
				ASSETCATALOG_COMPILER_GLOBAL_ACCENT_COLOR_NAME = AccentColor;
				CODE_SIGN_STYLE = Automatic;
				CURRENT_PROJECT_VERSION = 1;
				DEVELOPMENT_ASSET_PATHS = "\"SwiftUIButtonStyling/Preview Content\"";
				ENABLE_PREVIEWS = YES;
				GENERATE_INFOPLIST_FILE = YES;
				INFOPLIST_KEY_UIApplicationSceneManifest_Generation = YES;
				INFOPLIST_KEY_UIApplicationSupportsIndirectInputEvents = YES;
				INFOPLIST_KEY_UILaunchScreen_Generation = YES;
				INFOPLIST_KEY_UISupportedInterfaceOrientations_iPad = "UIInterfaceOrientationPortrait UIInterfaceOrientationPortraitUpsideDown UIInterfaceOrientationLandscapeLeft UIInterfaceOrientationLandscapeRight";
				INFOPLIST_KEY_UISupportedInterfaceOrientations_iPhone = "UIInterfaceOrientationPortrait UIInterfaceOrientationLandscapeLeft UIInterfaceOrientationLandscapeRight";
				IPHONEOS_DEPLOYMENT_TARGET = 14.0;
				LD_RUNPATH_SEARCH_PATHS = (
					"$(inherited)",
					"@executable_path/Frameworks",
				);
				MARKETING_VERSION = 1.0;
				PRODUCT_BUNDLE_IDENTIFIER = silvia.SwiftUIButtonStyling;
				PRODUCT_NAME = "$(TARGET_NAME)";
				SWIFT_EMIT_LOC_STRINGS = YES;
				SWIFT_VERSION = 5.0;
				TARGETED_DEVICE_FAMILY = "1,2";
			};
			name = Release;
		};
/* End XCBuildConfiguration section */

/* Begin XCConfigurationList section */
		A7CE2BA927386D3C001B5491 /* Build configuration list for PBXProject "SwiftUIButtonStyling" */ = {
			isa = XCConfigurationList;
			buildConfigurations = (
				A7CE2BBA27386D41001B5491 /* Debug */,
				A7CE2BBB27386D41001B5491 /* Release */,
			);
			defaultConfigurationIsVisible = 0;
			defaultConfigurationName = Release;
		};
		A7CE2BBC27386D41001B5491 /* Build configuration list for PBXNativeTarget "SwiftUIButtonStyling" */ = {
			isa = XCConfigurationList;
			buildConfigurations = (
				A7CE2BBD27386D41001B5491 /* Debug */,
				A7CE2BBE27386D41001B5491 /* Release */,
			);
			defaultConfigurationIsVisible = 0;
			defaultConfigurationName = Release;
		};
/* End XCConfigurationList section */
	};
	rootObject = A7CE2BA627386D3C001B5491 /* Project object */;
}
